
Microsoft Visual Studio Solution File, Format Version 12.00
# Visual Studio Version 16
VisualStudioVersion = 16.0.30204.135
MinimumVisualStudioVersion = 10.0.40219.1
Project("{FAE04EC0-301F-11D3-BF4B-00C04F79EFBC}") = "CompanyCollector", "CompanyCollector\CompanyCollector.csproj", "{AFDF4F99-2AA4-4391-A378-67DFCFF8FE7A}"
EndProject
Global
	GlobalSection(SolutionConfigurationPlatforms) = preSolution
		Debug|Any CPU = Debug|Any CPU
		Release|Any CPU = Release|Any CPU
	EndGlobalSection
	GlobalSection(ProjectConfigurationPlatforms) = postSolution
		{AFDF4F99-2AA4-4391-A378-67DFCFF8FE7A}.Debug|Any CPU.ActiveCfg = Debug|Any CPU
		{AFDF4F99-2AA4-4391-A378-67DFCFF8FE7A}.Debug|Any CPU.Build.0 = Debug|Any CPU
		{AFDF4F99-2AA4-4391-A378-67DFCFF8FE7A}.Release|Any CPU.ActiveCfg = Release|Any CPU
		{AFDF4F99-2AA4-4391-A378-67DFCFF8FE7A}.Release|Any CPU.Build.0 = Release|Any CPU
	EndGlobalSection
	GlobalSection(SolutionProperties) = preSolution
		HideSolutionNode = FALSE
	EndGlobalSection
	GlobalSection(ExtensibilityGlobals) = postSolution
		SolutionGuid = {16B9DF86-C1C0-45E7-B885-067333FC9361}
	EndGlobalSection
EndGlobal
